
Microsoft Visual Studio Solution File, Format Version 12.00
# Visual Studio Version 16
VisualStudioVersion = 16.0.30114.105
MinimumVisualStudioVersion = 10.0.40219.1
Project("{FAE04EC0-301F-11D3-BF4B-00C04F79EFBC}") = "API", "API\API.csproj", "{95764462-4E30-4303-873E-2E906213BD77}"
EndProject
Project("{FAE04EC0-301F-11D3-BF4B-00C04F79EFBC}") = "Core", "Core\Core.csproj", "{BDE76243-EF13-42A1-A9A1-7D4F9E232F8D}"
EndProject
Project("{FAE04EC0-301F-11D3-BF4B-00C04F79EFBC}") = "Infrastructure", "Infrastructure\Infrastructure.csproj", "{DD2E5D38-B45D-4EB8-B8BE-E6D671E41876}"
EndProject
Global
	GlobalSection(SolutionConfigurationPlatforms) = preSolution
		Debug|Any CPU = Debug|Any CPU
		Debug|x64 = Debug|x64
		Debug|x86 = Debug|x86
		Release|Any CPU = Release|Any CPU
		Release|x64 = Release|x64
		Release|x86 = Release|x86
	EndGlobalSection
	GlobalSection(SolutionProperties) = preSolution
		HideSolutionNode = FALSE
	EndGlobalSection
	GlobalSection(ProjectConfigurationPlatforms) = postSolution
		{95764462-4E30-4303-873E-2E906213BD77}.Debug|Any CPU.ActiveCfg = Debug|Any CPU
		{95764462-4E30-4303-873E-2E906213BD77}.Debug|Any CPU.Build.0 = Debug|Any CPU
		{95764462-4E30-4303-873E-2E906213BD77}.Debug|x64.ActiveCfg = Debug|Any CPU
		{95764462-4E30-4303-873E-2E906213BD77}.Debug|x64.Build.0 = Debug|Any CPU
		{95764462-4E30-4303-873E-2E906213BD77}.Debug|x86.ActiveCfg = Debug|Any CPU
		{95764462-4E30-4303-873E-2E906213BD77}.Debug|x86.Build.0 = Debug|Any CPU
		{95764462-4E30-4303-873E-2E906213BD77}.Release|Any CPU.ActiveCfg = Release|Any CPU
		{95764462-4E30-4303-873E-2E906213BD77}.Release|Any CPU.Build.0 = Release|Any CPU
		{95764462-4E30-4303-873E-2E906213BD77}.Release|x64.ActiveCfg = Release|Any CPU
		{95764462-4E30-4303-873E-2E906213BD77}.Release|x64.Build.0 = Release|Any CPU
		{95764462-4E30-4303-873E-2E906213BD77}.Release|x86.ActiveCfg = Release|Any CPU
		{95764462-4E30-4303-873E-2E906213BD77}.Release|x86.Build.0 = Release|Any CPU
		{BDE76243-EF13-42A1-A9A1-7D4F9E232F8D}.Debug|Any CPU.ActiveCfg = Debug|Any CPU
		{BDE76243-EF13-42A1-A9A1-7D4F9E232F8D}.Debug|Any CPU.Build.0 = Debug|Any CPU
		{BDE76243-EF13-42A1-A9A1-7D4F9E232F8D}.Debug|x64.ActiveCfg = Debug|Any CPU
		{BDE76243-EF13-42A1-A9A1-7D4F9E232F8D}.Debug|x64.Build.0 = Debug|Any CPU
		{BDE76243-EF13-42A1-A9A1-7D4F9E232F8D}.Debug|x86.ActiveCfg = Debug|Any CPU
		{BDE76243-EF13-42A1-A9A1-7D4F9E232F8D}.Debug|x86.Build.0 = Debug|Any CPU
		{BDE76243-EF13-42A1-A9A1-7D4F9E232F8D}.Release|Any CPU.ActiveCfg = Release|Any CPU
		{BDE76243-EF13-42A1-A9A1-7D4F9E232F8D}.Release|Any CPU.Build.0 = Release|Any CPU
		{BDE76243-EF13-42A1-A9A1-7D4F9E232F8D}.Release|x64.ActiveCfg = Release|Any CPU
		{BDE76243-EF13-42A1-A9A1-7D4F9E232F8D}.Release|x64.Build.0 = Release|Any CPU
		{BDE76243-EF13-42A1-A9A1-7D4F9E232F8D}.Release|x86.ActiveCfg = Release|Any CPU
		{BDE76243-EF13-42A1-A9A1-7D4F9E232F8D}.Release|x86.Build.0 = Release|Any CPU
		{DD2E5D38-B45D-4EB8-B8BE-E6D671E41876}.Debug|Any CPU.ActiveCfg = Debug|Any CPU
		{DD2E5D38-B45D-4EB8-B8BE-E6D671E41876}.Debug|Any CPU.Build.0 = Debug|Any CPU
		{DD2E5D38-B45D-4EB8-B8BE-E6D671E41876}.Debug|x64.ActiveCfg = Debug|Any CPU
		{DD2E5D38-B45D-4EB8-B8BE-E6D671E41876}.Debug|x64.Build.0 = Debug|Any CPU
		{DD2E5D38-B45D-4EB8-B8BE-E6D671E41876}.Debug|x86.ActiveCfg = Debug|Any CPU
		{DD2E5D38-B45D-4EB8-B8BE-E6D671E41876}.Debug|x86.Build.0 = Debug|Any CPU
		{DD2E5D38-B45D-4EB8-B8BE-E6D671E41876}.Release|Any CPU.ActiveCfg = Release|Any CPU
		{DD2E5D38-B45D-4EB8-B8BE-E6D671E41876}.Release|Any CPU.Build.0 = Release|Any CPU
		{DD2E5D38-B45D-4EB8-B8BE-E6D671E41876}.Release|x64.ActiveCfg = Release|Any CPU
		{DD2E5D38-B45D-4EB8-B8BE-E6D671E41876}.Release|x64.Build.0 = Release|Any CPU
		{DD2E5D38-B45D-4EB8-B8BE-E6D671E41876}.Release|x86.ActiveCfg = Release|Any CPU
		{DD2E5D38-B45D-4EB8-B8BE-E6D671E41876}.Release|x86.Build.0 = Release|Any CPU
	EndGlobalSection
EndGlobal
